
Microsoft Visual Studio Solution File, Format Version 12.00
# Visual Studio Version 17
VisualStudioVersion = 17.5.33414.496
MinimumVisualStudioVersion = 10.0.40219.1
Project("{FAE04EC0-301F-11D3-BF4B-00C04F79EFBC}") = "Jesses Tutor", "ConsoleApp2\Jesses Tutor.csproj", "{402D8398-60CB-402C-A6A8-407129F7E07F}"
EndProject
Global
	GlobalSection(SolutionConfigurationPlatforms) = preSolution
		Debug|Any CPU = Debug|Any CPU
		Release|Any CPU = Release|Any CPU
	EndGlobalSection
	GlobalSection(ProjectConfigurationPlatforms) = postSolution
		{402D8398-60CB-402C-A6A8-407129F7E07F}.Debug|Any CPU.ActiveCfg = Debug|Any CPU
		{402D8398-60CB-402C-A6A8-407129F7E07F}.Debug|Any CPU.Build.0 = Debug|Any CPU
		{402D8398-60CB-402C-A6A8-407129F7E07F}.Release|Any CPU.ActiveCfg = Release|Any CPU
		{402D8398-60CB-402C-A6A8-407129F7E07F}.Release|Any CPU.Build.0 = Release|Any CPU
	EndGlobalSection
	GlobalSection(SolutionProperties) = preSolution
		HideSolutionNode = FALSE
	EndGlobalSection
	GlobalSection(ExtensibilityGlobals) = postSolution
		SolutionGuid = {0FB668DD-2E0B-4569-BF21-9C56B97F6C69}
	EndGlobalSection
EndGlobal
